// !$*UTF8*$!
{
	archiveVersion = 1;
	classes = {
	};
	objectVersion = 46;
	objects = {

/* Begin PBXBuildFile section */
		6DBCDA7215DD9EBF008B4871 /* UIKit.framework in Frameworks */ = {isa = PBXBuildFile; fileRef = 6DBCDA7115DD9EBF008B4871 /* UIKit.framework */; };
		6DBCDA7415DD9EBF008B4871 /* Foundation.framework in Frameworks */ = {isa = PBXBuildFile; fileRef = 6DBCDA7315DD9EBF008B4871 /* Foundation.framework */; };
		6DBCDA7615DD9EBF008B4871 /* CoreGraphics.framework in Frameworks */ = {isa = PBXBuildFile; fileRef = 6DBCDA7515DD9EBF008B4871 /* CoreGraphics.framework */; };
		6DBCDA7C15DD9EBF008B4871 /* InfoPlist.strings in Resources */ = {isa = PBXBuildFile; fileRef = 6DBCDA7A15DD9EBF008B4871 /* InfoPlist.strings */; };
		6DBCDA7E15DD9EC0008B4871 /* main.m in Sources */ = {isa = PBXBuildFile; fileRef = 6DBCDA7D15DD9EC0008B4871 /* main.m */; };
		6DBCDA8215DD9EC0008B4871 /* AppDelegate.m in Sources */ = {isa = PBXBuildFile; fileRef = 6DBCDA8115DD9EC0008B4871 /* AppDelegate.m */; };
		6DBCDA8515DD9EC0008B4871 /* ViewController.m in Sources */ = {isa = PBXBuildFile; fileRef = 6DBCDA8415DD9EC0008B4871 /* ViewController.m */; };
		6DBCDA8815DD9EC0008B4871 /* ViewController_iPhone.xib in Resources */ = {isa = PBXBuildFile; fileRef = 6DBCDA8615DD9EC0008B4871 /* ViewController_iPhone.xib */; };
		6DBCDA8B15DD9EC0008B4871 /* ViewController_iPad.xib in Resources */ = {isa = PBXBuildFile; fileRef = 6DBCDA8915DD9EC0008B4871 /* ViewController_iPad.xib */; };
		6DBCDA9315DD9ED1008B4871 /* AudioToolbox.framework in Frameworks */ = {isa = PBXBuildFile; fileRef = 6DBCDA9115DD9ED1008B4871 /* AudioToolbox.framework */; };
		6DBCDA9415DD9ED1008B4871 /* CoreAudio.framework in Frameworks */ = {isa = PBXBuildFile; fileRef = 6DBCDA9215DD9ED1008B4871 /* CoreAudio.framework */; };
		6DBCDA9A15DD9EF4008B4871 /* Audio.cpp in Sources */ = {isa = PBXBuildFile; fileRef = 6DBCDA9515DD9EF4008B4871 /* Audio.cpp */; };
		6DBCDA9B15DD9EF4008B4871 /* mo_audio.mm in Sources */ = {isa = PBXBuildFile; fileRef = 6DBCDA9815DD9EF4008B4871 /* mo_audio.mm */; };
		6DBCDA9D15DD9F25008B4871 /* libVVOSC.a in Frameworks */ = {isa = PBXBuildFile; fileRef = 6DBCDA9C15DD9F25008B4871 /* libVVOSC.a */; };
/* End PBXBuildFile section */

/* Begin PBXFileReference section */
		6DBCDA6D15DD9EBF008B4871 /* fmSimon.app */ = {isa = PBXFileReference; explicitFileType = wrapper.application; includeInIndex = 0; path = fmSimon.app; sourceTree = BUILT_PRODUCTS_DIR; };
		6DBCDA7115DD9EBF008B4871 /* UIKit.framework */ = {isa = PBXFileReference; lastKnownFileType = wrapper.framework; name = UIKit.framework; path = System/Library/Frameworks/UIKit.framework; sourceTree = SDKROOT; };
		6DBCDA7315DD9EBF008B4871 /* Foundation.framework */ = {isa = PBXFileReference; lastKnownFileType = wrapper.framework; name = Foundation.framework; path = System/Library/Frameworks/Foundation.framework; sourceTree = SDKROOT; };
		6DBCDA7515DD9EBF008B4871 /* CoreGraphics.framework */ = {isa = PBXFileReference; lastKnownFileType = wrapper.framework; name = CoreGraphics.framework; path = System/Library/Frameworks/CoreGraphics.framework; sourceTree = SDKROOT; };
		6DBCDA7915DD9EBF008B4871 /* fmSimon-Info.plist */ = {isa = PBXFileReference; lastKnownFileType = text.plist.xml; path = "fmSimon-Info.plist"; sourceTree = "<group>"; };
		6DBCDA7B15DD9EBF008B4871 /* en */ = {isa = PBXFileReference; lastKnownFileType = text.plist.strings; name = en; path = en.lproj/InfoPlist.strings; sourceTree = "<group>"; };
		6DBCDA7D15DD9EC0008B4871 /* main.m */ = {isa = PBXFileReference; lastKnownFileType = sourcecode.c.objc; path = main.m; sourceTree = "<group>"; };
		6DBCDA7F15DD9EC0008B4871 /* fmSimon-Prefix.pch */ = {isa = PBXFileReference; lastKnownFileType = sourcecode.c.h; path = "fmSimon-Prefix.pch"; sourceTree = "<group>"; };
		6DBCDA8015DD9EC0008B4871 /* AppDelegate.h */ = {isa = PBXFileReference; lastKnownFileType = sourcecode.c.h; path = AppDelegate.h; sourceTree = "<group>"; };
		6DBCDA8115DD9EC0008B4871 /* AppDelegate.m */ = {isa = PBXFileReference; lastKnownFileType = sourcecode.c.objc; path = AppDelegate.m; sourceTree = "<group>"; };
		6DBCDA8315DD9EC0008B4871 /* ViewController.h */ = {isa = PBXFileReference; lastKnownFileType = sourcecode.c.h; path = ViewController.h; sourceTree = "<group>"; };
		6DBCDA8415DD9EC0008B4871 /* ViewController.m */ = {isa = PBXFileReference; lastKnownFileType = sourcecode.c.objc; path = ViewController.m; sourceTree = "<group>"; };
		6DBCDA8715DD9EC0008B4871 /* en */ = {isa = PBXFileReference; lastKnownFileType = file.xib; name = en; path = en.lproj/ViewController_iPhone.xib; sourceTree = "<group>"; };
		6DBCDA8A15DD9EC0008B4871 /* en */ = {isa = PBXFileReference; lastKnownFileType = file.xib; name = en; path = en.lproj/ViewController_iPad.xib; sourceTree = "<group>"; };
		6DBCDA9115DD9ED1008B4871 /* AudioToolbox.framework */ = {isa = PBXFileReference; lastKnownFileType = wrapper.framework; name = AudioToolbox.framework; path = System/Library/Frameworks/AudioToolbox.framework; sourceTree = SDKROOT; };
		6DBCDA9215DD9ED1008B4871 /* CoreAudio.framework */ = {isa = PBXFileReference; lastKnownFileType = wrapper.framework; name = CoreAudio.framework; path = System/Library/Frameworks/CoreAudio.framework; sourceTree = SDKROOT; };
		6DBCDA9515DD9EF4008B4871 /* Audio.cpp */ = {isa = PBXFileReference; fileEncoding = 4; lastKnownFileType = sourcecode.cpp.cpp; path = Audio.cpp; sourceTree = "<group>"; };
		6DBCDA9615DD9EF4008B4871 /* Audio.h */ = {isa = PBXFileReference; fileEncoding = 4; lastKnownFileType = sourcecode.c.h; path = Audio.h; sourceTree = "<group>"; };
		6DBCDA9715DD9EF4008B4871 /* mo_audio.h */ = {isa = PBXFileReference; fileEncoding = 4; lastKnownFileType = sourcecode.c.h; path = mo_audio.h; sourceTree = "<group>"; };
		6DBCDA9815DD9EF4008B4871 /* mo_audio.mm */ = {isa = PBXFileReference; fileEncoding = 4; lastKnownFileType = sourcecode.cpp.objcpp; path = mo_audio.mm; sourceTree = "<group>"; };
		6DBCDA9915DD9EF4008B4871 /* mo_def.h */ = {isa = PBXFileReference; fileEncoding = 4; lastKnownFileType = sourcecode.c.h; path = mo_def.h; sourceTree = "<group>"; };
		6DBCDA9C15DD9F25008B4871 /* libVVOSC.a */ = {isa = PBXFileReference; lastKnownFileType = archive.ar; path = libVVOSC.a; sourceTree = "<group>"; };
/* End PBXFileReference section */

/* Begin PBXFrameworksBuildPhase section */
		6DBCDA6A15DD9EBF008B4871 /* Frameworks */ = {
			isa = PBXFrameworksBuildPhase;
			buildActionMask = 2147483647;
			files = (
				6DBCDA9315DD9ED1008B4871 /* AudioToolbox.framework in Frameworks */,
				6DBCDA9415DD9ED1008B4871 /* CoreAudio.framework in Frameworks */,
				6DBCDA7215DD9EBF008B4871 /* UIKit.framework in Frameworks */,
				6DBCDA7415DD9EBF008B4871 /* Foundation.framework in Frameworks */,
				6DBCDA7615DD9EBF008B4871 /* CoreGraphics.framework in Frameworks */,
				6DBCDA9D15DD9F25008B4871 /* libVVOSC.a in Frameworks */,
			);
			runOnlyForDeploymentPostprocessing = 0;
		};
/* End PBXFrameworksBuildPhase section */

/* Begin PBXGroup section */
		6DBCDA6215DD9EBF008B4871 = {
			isa = PBXGroup;
			children = (
				6DBCDA9115DD9ED1008B4871 /* AudioToolbox.framework */,
				6DBCDA9215DD9ED1008B4871 /* CoreAudio.framework */,
				6DBCDA7715DD9EBF008B4871 /* fmSimon */,
				6DBCDA7015DD9EBF008B4871 /* Frameworks */,
				6DBCDA6E15DD9EBF008B4871 /* Products */,
			);
			sourceTree = "<group>";
		};
		6DBCDA6E15DD9EBF008B4871 /* Products */ = {
			isa = PBXGroup;
			children = (
				6DBCDA6D15DD9EBF008B4871 /* fmSimon.app */,
			);
			name = Products;
			sourceTree = "<group>";
		};
		6DBCDA7015DD9EBF008B4871 /* Frameworks */ = {
			isa = PBXGroup;
			children = (
				6DBCDA7115DD9EBF008B4871 /* UIKit.framework */,
				6DBCDA7315DD9EBF008B4871 /* Foundation.framework */,
				6DBCDA7515DD9EBF008B4871 /* CoreGraphics.framework */,
			);
			name = Frameworks;
			sourceTree = "<group>";
		};
		6DBCDA7715DD9EBF008B4871 /* fmSimon */ = {
			isa = PBXGroup;
			children = (
				6DBCDA8015DD9EC0008B4871 /* AppDelegate.h */,
				6DBCDA8115DD9EC0008B4871 /* AppDelegate.m */,
				6DBCDA8315DD9EC0008B4871 /* ViewController.h */,
				6DBCDA9515DD9EF4008B4871 /* Audio.cpp */,
				6DBCDA9615DD9EF4008B4871 /* Audio.h */,
				6DBCDA9715DD9EF4008B4871 /* mo_audio.h */,
				6DBCDA9815DD9EF4008B4871 /* mo_audio.mm */,
				6DBCDA9915DD9EF4008B4871 /* mo_def.h */,
				6DBCDA8415DD9EC0008B4871 /* ViewController.m */,
				6DBCDA8615DD9EC0008B4871 /* ViewController_iPhone.xib */,
				6DBCDA8915DD9EC0008B4871 /* ViewController_iPad.xib */,
				6DBCDA9C15DD9F25008B4871 /* libVVOSC.a */,
				6DBCDA7815DD9EBF008B4871 /* Supporting Files */,
			);
			path = fmSimon;
			sourceTree = "<group>";
		};
		6DBCDA7815DD9EBF008B4871 /* Supporting Files */ = {
			isa = PBXGroup;
			children = (
				6DBCDA7915DD9EBF008B4871 /* fmSimon-Info.plist */,
				6DBCDA7A15DD9EBF008B4871 /* InfoPlist.strings */,
				6DBCDA7D15DD9EC0008B4871 /* main.m */,
				6DBCDA7F15DD9EC0008B4871 /* fmSimon-Prefix.pch */,
			);
			name = "Supporting Files";
			sourceTree = "<group>";
		};
/* End PBXGroup section */

/* Begin PBXNativeTarget section */
		6DBCDA6C15DD9EBF008B4871 /* fmSimon */ = {
			isa = PBXNativeTarget;
			buildConfigurationList = 6DBCDA8E15DD9EC0008B4871 /* Build configuration list for PBXNativeTarget "fmSimon" */;
			buildPhases = (
				6DBCDA6915DD9EBF008B4871 /* Sources */,
				6DBCDA6A15DD9EBF008B4871 /* Frameworks */,
				6DBCDA6B15DD9EBF008B4871 /* Resources */,
			);
			buildRules = (
			);
			dependencies = (
			);
			name = fmSimon;
			productName = fmSimon;
			productReference = 6DBCDA6D15DD9EBF008B4871 /* fmSimon.app */;
			productType = "com.apple.product-type.application";
		};
/* End PBXNativeTarget section */

/* Begin PBXProject section */
		6DBCDA6415DD9EBF008B4871 /* Project object */ = {
			isa = PBXProject;
			attributes = {
				LastUpgradeCheck = 0420;
			};
			buildConfigurationList = 6DBCDA6715DD9EBF008B4871 /* Build configuration list for PBXProject "fmSimon" */;
			compatibilityVersion = "Xcode 3.2";
			developmentRegion = English;
			hasScannedForEncodings = 0;
			knownRegions = (
				en,
			);
			mainGroup = 6DBCDA6215DD9EBF008B4871;
			productRefGroup = 6DBCDA6E15DD9EBF008B4871 /* Products */;
			projectDirPath = "";
			projectRoot = "";
			targets = (
				6DBCDA6C15DD9EBF008B4871 /* fmSimon */,
			);
		};
/* End PBXProject section */

/* Begin PBXResourcesBuildPhase section */
		6DBCDA6B15DD9EBF008B4871 /* Resources */ = {
			isa = PBXResourcesBuildPhase;
			buildActionMask = 2147483647;
			files = (
				6DBCDA7C15DD9EBF008B4871 /* InfoPlist.strings in Resources */,
				6DBCDA8815DD9EC0008B4871 /* ViewController_iPhone.xib in Resources */,
				6DBCDA8B15DD9EC0008B4871 /* ViewController_iPad.xib in Resources */,
			);
			runOnlyForDeploymentPostprocessing = 0;
		};
/* End PBXResourcesBuildPhase section */

/* Begin PBXSourcesBuildPhase section */
		6DBCDA6915DD9EBF008B4871 /* Sources */ = {
			isa = PBXSourcesBuildPhase;
			buildActionMask = 2147483647;
			files = (
				6DBCDA7E15DD9EC0008B4871 /* main.m in Sources */,
				6DBCDA8215DD9EC0008B4871 /* AppDelegate.m in Sources */,
				6DBCDA8515DD9EC0008B4871 /* ViewController.m in Sources */,
				6DBCDA9A15DD9EF4008B4871 /* Audio.cpp in Sources */,
				6DBCDA9B15DD9EF4008B4871 /* mo_audio.mm in Sources */,
			);
			runOnlyForDeploymentPostprocessing = 0;
		};
/* End PBXSourcesBuildPhase section */

/* Begin PBXVariantGroup section */
		6DBCDA7A15DD9EBF008B4871 /* InfoPlist.strings */ = {
			isa = PBXVariantGroup;
			children = (
				6DBCDA7B15DD9EBF008B4871 /* en */,
			);
			name = InfoPlist.strings;
			sourceTree = "<group>";
		};
		6DBCDA8615DD9EC0008B4871 /* ViewController_iPhone.xib */ = {
			isa = PBXVariantGroup;
			children = (
				6DBCDA8715DD9EC0008B4871 /* en */,
			);
			name = ViewController_iPhone.xib;
			sourceTree = "<group>";
		};
		6DBCDA8915DD9EC0008B4871 /* ViewController_iPad.xib */ = {
			isa = PBXVariantGroup;
			children = (
				6DBCDA8A15DD9EC0008B4871 /* en */,
			);
			name = ViewController_iPad.xib;
			sourceTree = "<group>";
		};
/* End PBXVariantGroup section */

/* Begin XCBuildConfiguration section */
		6DBCDA8C15DD9EC0008B4871 /* Debug */ = {
			isa = XCBuildConfiguration;
			buildSettings = {
				ALWAYS_SEARCH_USER_PATHS = NO;
				ARCHS = "$(ARCHS_STANDARD_32_BIT)";
				CLANG_ENABLE_OBJC_ARC = YES;
				"CODE_SIGN_IDENTITY[sdk=iphoneos*]" = "iPhone Developer";
				COPY_PHASE_STRIP = NO;
				GCC_C_LANGUAGE_STANDARD = gnu99;
				GCC_DYNAMIC_NO_PIC = NO;
				GCC_OPTIMIZATION_LEVEL = 0;
				GCC_PREPROCESSOR_DEFINITIONS = (
					"DEBUG=1",
					"$(inherited)",
				);
				GCC_SYMBOLS_PRIVATE_EXTERN = NO;
				GCC_VERSION = com.apple.compilers.llvm.clang.1_0;
				GCC_WARN_ABOUT_MISSING_PROTOTYPES = YES;
				GCC_WARN_ABOUT_RETURN_TYPE = YES;
				GCC_WARN_UNUSED_VARIABLE = YES;
				IPHONEOS_DEPLOYMENT_TARGET = 5.1;
				SDKROOT = iphoneos;
				TARGETED_DEVICE_FAMILY = "1,2";
			};
			name = Debug;
		};
		6DBCDA8D15DD9EC0008B4871 /* Release */ = {
			isa = XCBuildConfiguration;
			buildSettings = {
				ALWAYS_SEARCH_USER_PATHS = NO;
				ARCHS = "$(ARCHS_STANDARD_32_BIT)";
				CLANG_ENABLE_OBJC_ARC = YES;
				"CODE_SIGN_IDENTITY[sdk=iphoneos*]" = "iPhone Developer";
				COPY_PHASE_STRIP = YES;
				GCC_C_LANGUAGE_STANDARD = gnu99;
				GCC_VERSION = com.apple.compilers.llvm.clang.1_0;
				GCC_WARN_ABOUT_MISSING_PROTOTYPES = YES;
				GCC_WARN_ABOUT_RETURN_TYPE = YES;
				GCC_WARN_UNUSED_VARIABLE = YES;
				IPHONEOS_DEPLOYMENT_TARGET = 5.1;
				OTHER_CFLAGS = "-DNS_BLOCK_ASSERTIONS=1";
				SDKROOT = iphoneos;
				TARGETED_DEVICE_FAMILY = "1,2";
				VALIDATE_PRODUCT = YES;
			};
			name = Release;
		};
		6DBCDA8F15DD9EC0008B4871 /* Debug */ = {
			isa = XCBuildConfiguration;
			buildSettings = {
				GCC_PRECOMPILE_PREFIX_HEADER = YES;
				GCC_PREFIX_HEADER = "fmSimon/fmSimon-Prefix.pch";
				INFOPLIST_FILE = "fmSimon/fmSimon-Info.plist";
				LIBRARY_SEARCH_PATHS = (
					"$(inherited)",
					"\"$(SRCROOT)/fmSimon\"",
				);
				PRODUCT_NAME = "$(TARGET_NAME)";
				WRAPPER_EXTENSION = app;
			};
			name = Debug;
		};
		6DBCDA9015DD9EC0008B4871 /* Release */ = {
			isa = XCBuildConfiguration;
			buildSettings = {
				GCC_PRECOMPILE_PREFIX_HEADER = YES;
				GCC_PREFIX_HEADER = "fmSimon/fmSimon-Prefix.pch";
				INFOPLIST_FILE = "fmSimon/fmSimon-Info.plist";
				LIBRARY_SEARCH_PATHS = (
					"$(inherited)",
					"\"$(SRCROOT)/fmSimon\"",
				);
				PRODUCT_NAME = "$(TARGET_NAME)";
				WRAPPER_EXTENSION = app;
			};
			name = Release;
		};
/* End XCBuildConfiguration section */

/* Begin XCConfigurationList section */
		6DBCDA6715DD9EBF008B4871 /* Build configuration list for PBXProject "fmSimon" */ = {
			isa = XCConfigurationList;
			buildConfigurations = (
				6DBCDA8C15DD9EC0008B4871 /* Debug */,
				6DBCDA8D15DD9EC0008B4871 /* Release */,
			);
			defaultConfigurationIsVisible = 0;
			defaultConfigurationName = Release;
		};
		6DBCDA8E15DD9EC0008B4871 /* Build configuration list for PBXNativeTarget "fmSimon" */ = {
			isa = XCConfigurationList;
			buildConfigurations = (
				6DBCDA8F15DD9EC0008B4871 /* Debug */,
				6DBCDA9015DD9EC0008B4871 /* Release */,
			);
			defaultConfigurationIsVisible = 0;
		};
/* End XCConfigurationList section */
	};
	rootObject = 6DBCDA6415DD9EBF008B4871 /* Project object */;
}
